
Microsoft Visual Studio Solution File, Format Version 12.00
# Visual Studio Version 17
VisualStudioVersion = 17.11.35222.181
MinimumVisualStudioVersion = 10.0.40219.1
Project("{9A19103F-16F7-4668-BE54-9A1E7A4F7556}") = "RickMorty.ExternalData", "RickMorty.ExternalData\RickMorty.ExternalData.csproj", "{16C76D01-8B3E-43C7-96D9-298B4F91B327}"
EndProject
Project("{9A19103F-16F7-4668-BE54-9A1E7A4F7556}") = "ConsoleAppRetrieveAndStoreData", "ConsoleAppRetrieveAndStoreData\ConsoleAppRetrieveAndStoreData.csproj", "{E73441FD-D2F1-4E6E-8A10-A4FE804EE06A}"
EndProject
Project("{9A19103F-16F7-4668-BE54-9A1E7A4F7556}") = "WebApiReader", "WebApiReader\WebApiReader.csproj", "{3313A947-A750-4512-B4D4-BD8B76FB8700}"
EndProject
Project("{9A19103F-16F7-4668-BE54-9A1E7A4F7556}") = "RickMorty.Domain", "RickMorty.Domain\RickMorty.Domain.csproj", "{AF89A678-A655-4E99-9717-F268B0D6C42C}"
EndProject
Project("{9A19103F-16F7-4668-BE54-9A1E7A4F7556}") = "RickMorty.Data", "RickMorty.Data\RickMorty.Data.csproj", "{71624561-16EB-4986-A4CE-A7274719D83C}"
EndProject
Project("{9A19103F-16F7-4668-BE54-9A1E7A4F7556}") = "RickMortyMVC", "RickMortyMVC\RickMortyMVC.csproj", "{FE520E9F-5A70-4416-9489-2B72D3E546DC}"
EndProject
Project("{2150E333-8FDC-42A3-9474-1A3956D46DE8}") = ".github", ".github", "{206C8825-80B5-4E80-A3E7-89B389C1BAC1}"
	ProjectSection(SolutionItems) = preProject
		README.md = README.md
	EndProjectSection
EndProject
Project("{FAE04EC0-301F-11D3-BF4B-00C04F79EFBC}") = "RickMorty.Tests", "RickMorty.Tests\RickMorty.Tests.csproj", "{DA893576-144B-4D72-A1CE-DCD80777C8B5}"
EndProject
Global
	GlobalSection(SolutionConfigurationPlatforms) = preSolution
		Debug|Any CPU = Debug|Any CPU
		Release|Any CPU = Release|Any CPU
	EndGlobalSection
	GlobalSection(ProjectConfigurationPlatforms) = postSolution
		{16C76D01-8B3E-43C7-96D9-298B4F91B327}.Debug|Any CPU.ActiveCfg = Debug|Any CPU
		{16C76D01-8B3E-43C7-96D9-298B4F91B327}.Debug|Any CPU.Build.0 = Debug|Any CPU
		{16C76D01-8B3E-43C7-96D9-298B4F91B327}.Release|Any CPU.ActiveCfg = Release|Any CPU
		{16C76D01-8B3E-43C7-96D9-298B4F91B327}.Release|Any CPU.Build.0 = Release|Any CPU
		{E73441FD-D2F1-4E6E-8A10-A4FE804EE06A}.Debug|Any CPU.ActiveCfg = Debug|Any CPU
		{E73441FD-D2F1-4E6E-8A10-A4FE804EE06A}.Debug|Any CPU.Build.0 = Debug|Any CPU
		{E73441FD-D2F1-4E6E-8A10-A4FE804EE06A}.Release|Any CPU.ActiveCfg = Release|Any CPU
		{E73441FD-D2F1-4E6E-8A10-A4FE804EE06A}.Release|Any CPU.Build.0 = Release|Any CPU
		{3313A947-A750-4512-B4D4-BD8B76FB8700}.Debug|Any CPU.ActiveCfg = Debug|Any CPU
		{3313A947-A750-4512-B4D4-BD8B76FB8700}.Debug|Any CPU.Build.0 = Debug|Any CPU
		{3313A947-A750-4512-B4D4-BD8B76FB8700}.Release|Any CPU.ActiveCfg = Release|Any CPU
		{3313A947-A750-4512-B4D4-BD8B76FB8700}.Release|Any CPU.Build.0 = Release|Any CPU
		{AF89A678-A655-4E99-9717-F268B0D6C42C}.Debug|Any CPU.ActiveCfg = Debug|Any CPU
		{AF89A678-A655-4E99-9717-F268B0D6C42C}.Debug|Any CPU.Build.0 = Debug|Any CPU
		{AF89A678-A655-4E99-9717-F268B0D6C42C}.Release|Any CPU.ActiveCfg = Release|Any CPU
		{AF89A678-A655-4E99-9717-F268B0D6C42C}.Release|Any CPU.Build.0 = Release|Any CPU
		{71624561-16EB-4986-A4CE-A7274719D83C}.Debug|Any CPU.ActiveCfg = Debug|Any CPU
		{71624561-16EB-4986-A4CE-A7274719D83C}.Debug|Any CPU.Build.0 = Debug|Any CPU
		{71624561-16EB-4986-A4CE-A7274719D83C}.Release|Any CPU.ActiveCfg = Release|Any CPU
		{71624561-16EB-4986-A4CE-A7274719D83C}.Release|Any CPU.Build.0 = Release|Any CPU
		{FE520E9F-5A70-4416-9489-2B72D3E546DC}.Debug|Any CPU.ActiveCfg = Debug|Any CPU
		{FE520E9F-5A70-4416-9489-2B72D3E546DC}.Debug|Any CPU.Build.0 = Debug|Any CPU
		{FE520E9F-5A70-4416-9489-2B72D3E546DC}.Release|Any CPU.ActiveCfg = Release|Any CPU
		{FE520E9F-5A70-4416-9489-2B72D3E546DC}.Release|Any CPU.Build.0 = Release|Any CPU
		{DA893576-144B-4D72-A1CE-DCD80777C8B5}.Debug|Any CPU.ActiveCfg = Debug|Any CPU
		{DA893576-144B-4D72-A1CE-DCD80777C8B5}.Debug|Any CPU.Build.0 = Debug|Any CPU
		{DA893576-144B-4D72-A1CE-DCD80777C8B5}.Release|Any CPU.ActiveCfg = Release|Any CPU
		{DA893576-144B-4D72-A1CE-DCD80777C8B5}.Release|Any CPU.Build.0 = Release|Any CPU
	EndGlobalSection
	GlobalSection(SolutionProperties) = preSolution
		HideSolutionNode = FALSE
	EndGlobalSection
	GlobalSection(ExtensibilityGlobals) = postSolution
		SolutionGuid = {D66D6C7B-C8CB-4516-9C7E-D22C9021D1A9}
	EndGlobalSection
EndGlobal
